
Microsoft Visual Studio Solution File, Format Version 12.00
# Visual Studio 15
VisualStudioVersion = 15.0.28010.2026
MinimumVisualStudioVersion = 10.0.40219.1
Project("{8BC9CEB8-8B4A-11D0-8D11-00A0C91BC942}") = "BasicCatheter", "BasicCatheter\BasicCatheter.vcxproj", "{2C87AD04-3F64-412A-A869-5748020BF681}"
EndProject
Project("{8BC9CEB8-8B4A-11D0-8D11-00A0C91BC942}") = "GetOptLibrary", "GetOptLibrary\GetOptLibrary.vcxproj", "{23AD2E82-B50C-4BF7-BF97-4E127E44410C}"
EndProject
Project("{888888A0-9F3D-457C-B088-3A5042F75D52}") = "visualise", "visualise\visualise.pyproj", "{5DF84148-1B4F-422B-A3E7-2C4EF1548E82}"
EndProject
Global
	GlobalSection(SolutionConfigurationPlatforms) = preSolution
		Debug|Any CPU = Debug|Any CPU
		Debug|x64 = Debug|x64
		Debug|x86 = Debug|x86
		Release|Any CPU = Release|Any CPU
		Release|x64 = Release|x64
		Release|x86 = Release|x86
	EndGlobalSection
	GlobalSection(ProjectConfigurationPlatforms) = postSolution
		{2C87AD04-3F64-412A-A869-5748020BF681}.Debug|Any CPU.ActiveCfg = Debug|Win32
		{2C87AD04-3F64-412A-A869-5748020BF681}.Debug|x64.ActiveCfg = Debug|x64
		{2C87AD04-3F64-412A-A869-5748020BF681}.Debug|x64.Build.0 = Debug|x64
		{2C87AD04-3F64-412A-A869-5748020BF681}.Debug|x86.ActiveCfg = Debug|Win32
		{2C87AD04-3F64-412A-A869-5748020BF681}.Debug|x86.Build.0 = Debug|Win32
		{2C87AD04-3F64-412A-A869-5748020BF681}.Release|Any CPU.ActiveCfg = Release|Win32
		{2C87AD04-3F64-412A-A869-5748020BF681}.Release|x64.ActiveCfg = Release|x64
		{2C87AD04-3F64-412A-A869-5748020BF681}.Release|x64.Build.0 = Release|x64
		{2C87AD04-3F64-412A-A869-5748020BF681}.Release|x86.ActiveCfg = Release|Win32
		{2C87AD04-3F64-412A-A869-5748020BF681}.Release|x86.Build.0 = Release|Win32
		{23AD2E82-B50C-4BF7-BF97-4E127E44410C}.Debug|Any CPU.ActiveCfg = Debug|Win32
		{23AD2E82-B50C-4BF7-BF97-4E127E44410C}.Debug|x64.ActiveCfg = Debug|x64
		{23AD2E82-B50C-4BF7-BF97-4E127E44410C}.Debug|x64.Build.0 = Debug|x64
		{23AD2E82-B50C-4BF7-BF97-4E127E44410C}.Debug|x86.ActiveCfg = Debug|Win32
		{23AD2E82-B50C-4BF7-BF97-4E127E44410C}.Debug|x86.Build.0 = Debug|Win32
		{23AD2E82-B50C-4BF7-BF97-4E127E44410C}.Release|Any CPU.ActiveCfg = Release|Win32
		{23AD2E82-B50C-4BF7-BF97-4E127E44410C}.Release|x64.ActiveCfg = Release|x64
		{23AD2E82-B50C-4BF7-BF97-4E127E44410C}.Release|x64.Build.0 = Release|x64
		{23AD2E82-B50C-4BF7-BF97-4E127E44410C}.Release|x86.ActiveCfg = Release|Win32
		{23AD2E82-B50C-4BF7-BF97-4E127E44410C}.Release|x86.Build.0 = Release|Win32
		{5DF84148-1B4F-422B-A3E7-2C4EF1548E82}.Debug|Any CPU.ActiveCfg = Debug|Any CPU
		{5DF84148-1B4F-422B-A3E7-2C4EF1548E82}.Debug|x64.ActiveCfg = Debug|Any CPU
		{5DF84148-1B4F-422B-A3E7-2C4EF1548E82}.Debug|x86.ActiveCfg = Debug|Any CPU
		{5DF84148-1B4F-422B-A3E7-2C4EF1548E82}.Release|Any CPU.ActiveCfg = Release|Any CPU
		{5DF84148-1B4F-422B-A3E7-2C4EF1548E82}.Release|x64.ActiveCfg = Release|Any CPU
		{5DF84148-1B4F-422B-A3E7-2C4EF1548E82}.Release|x86.ActiveCfg = Release|Any CPU
	EndGlobalSection
	GlobalSection(SolutionProperties) = preSolution
		HideSolutionNode = FALSE
	EndGlobalSection
	GlobalSection(ExtensibilityGlobals) = postSolution
		SolutionGuid = {9CE02788-FAC8-49FE-AB33-287AA419F272}
	EndGlobalSection
EndGlobal
